
Microsoft Visual Studio Solution File, Format Version 12.00
# Visual Studio 14
VisualStudioVersion = 14.0.25420.1
MinimumVisualStudioVersion = 10.0.40219.1
Project("{FAE04EC0-301F-11D3-BF4B-00C04F79EFBC}") = "CoinFlipProject", "CoinFlipProject\CoinFlipProject.csproj", "{7ED6FF7D-2D44-40AC-9C6E-CB817027D45F}"
EndProject
Project("{FAE04EC0-301F-11D3-BF4B-00C04F79EFBC}") = "CoinFlipLibrary", "CoinFlipLibrary\CoinFlipLibrary.csproj", "{60F527C8-D8CD-457C-BAEA-DCC77FB43B7D}"
EndProject
Project("{FAE04EC0-301F-11D3-BF4B-00C04F79EFBC}") = "CoinFlipUnitTests", "CoinFlipUnitTests\CoinFlipUnitTests.csproj", "{535749F1-805F-4F96-9ED3-2A836C223FF3}"
EndProject
Global
	GlobalSection(SolutionConfigurationPlatforms) = preSolution
		Debug|Any CPU = Debug|Any CPU
		Release|Any CPU = Release|Any CPU
	EndGlobalSection
	GlobalSection(ProjectConfigurationPlatforms) = postSolution
		{7ED6FF7D-2D44-40AC-9C6E-CB817027D45F}.Debug|Any CPU.ActiveCfg = Debug|Any CPU
		{7ED6FF7D-2D44-40AC-9C6E-CB817027D45F}.Debug|Any CPU.Build.0 = Debug|Any CPU
		{7ED6FF7D-2D44-40AC-9C6E-CB817027D45F}.Release|Any CPU.ActiveCfg = Release|Any CPU
		{7ED6FF7D-2D44-40AC-9C6E-CB817027D45F}.Release|Any CPU.Build.0 = Release|Any CPU
		{60F527C8-D8CD-457C-BAEA-DCC77FB43B7D}.Debug|Any CPU.ActiveCfg = Debug|Any CPU
		{60F527C8-D8CD-457C-BAEA-DCC77FB43B7D}.Debug|Any CPU.Build.0 = Debug|Any CPU
		{60F527C8-D8CD-457C-BAEA-DCC77FB43B7D}.Release|Any CPU.ActiveCfg = Release|Any CPU
		{60F527C8-D8CD-457C-BAEA-DCC77FB43B7D}.Release|Any CPU.Build.0 = Release|Any CPU
		{535749F1-805F-4F96-9ED3-2A836C223FF3}.Debug|Any CPU.ActiveCfg = Debug|Any CPU
		{535749F1-805F-4F96-9ED3-2A836C223FF3}.Debug|Any CPU.Build.0 = Debug|Any CPU
		{535749F1-805F-4F96-9ED3-2A836C223FF3}.Release|Any CPU.ActiveCfg = Release|Any CPU
		{535749F1-805F-4F96-9ED3-2A836C223FF3}.Release|Any CPU.Build.0 = Release|Any CPU
	EndGlobalSection
	GlobalSection(SolutionProperties) = preSolution
		HideSolutionNode = FALSE
	EndGlobalSection
EndGlobal
